{
  "name": "socketless-demo",
  "version": "1.0.1",
  "lockfileVersion": 1,
  "requires": true,
  "dependencies": {
    "morphdom": {
      "version": "2.5.6",
      "resolved": "https://registry.npmjs.org/morphdom/-/morphdom-2.5.6.tgz",
      "integrity": "sha512-uw+fgVRCV7DK9EWJ87NeiFXTDdLklajJQNLHCAJStqTY/uwFpK5ormeU2PYSX5DDk+cI9dtFli/MHKd2wP/KGg=="
    },
    "prettier": {
      "version": "1.18.2",
      "resolved": "https://registry.npmjs.org/prettier/-/prettier-1.18.2.tgz",
      "integrity": "sha512-OeHeMc0JhFE9idD4ZdtNibzY0+TPHSpSSb9h8FqtP+YnoZZ1sl8Vc9b1sasjfymH3SonAF4QcA2+mzHPhMvIiw==",
      "dev": true
    },
    "rfc6902": {
      "version": "3.0.4",
      "resolved": "https://registry.npmjs.org/rfc6902/-/rfc6902-3.0.4.tgz",
      "integrity": "sha512-OnzreaZXrwT5w2ikKXWr5QcuI7NZpL+J3hIkAwozjOnKVUL7fPsB8Vcmu8YBiiou1/r3V0Jc0T1uQDyfAPvLzA=="
    },
    "socketless": {
      "version": "0.11.12",
      "resolved": "https://registry.npmjs.org/socketless/-/socketless-0.11.12.tgz",
      "integrity": "sha512-kBeNdwzlxmAF5J5Ey6G97dVDkujdKaPSBQOd5uOlUOpWju5i2QOPpvCd4BbYvJCnepSwRW6jk/9GhTb6cz95YA==",
      "requires": {
        "morphdom": "^2.5.4",
        "rfc6902": "^3.0.4",
        "ws": "^7.1.1"
      }
    },
    "ws": {
      "version": "7.4.6",
      "resolved": "https://registry.npmjs.org/ws/-/ws-7.4.6.tgz",
      "integrity": "sha512-YmhHDO4MzaDLB+M9ym/mDA5z0naX8j7SIlT8f8z+I0VtzsRbekxEutHSme7NPS2qE8StCYQNUnfWdXta/Yu85A=="
    }
  }
}
